
Microsoft Visual Studio Solution File, Format Version 12.00
# Visual Studio 15
VisualStudioVersion = 15.0.28010.0
MinimumVisualStudioVersion = 10.0.40219.1
Project("{2150E333-8FDC-42A3-9474-1A3956D46DE8}") = "01 Core", "01 Core", "{7B944974-0F91-408E-B70F-4AA3D78E41AF}"
EndProject
Project("{2150E333-8FDC-42A3-9474-1A3956D46DE8}") = "07 Api", "07 Api", "{26136729-E866-4B56-BBB1-FAE8589E42C8}"
EndProject
Project("{FAE04EC0-301F-11D3-BF4B-00C04F79EFBC}") = "Dfo.Sample.Core", "Dfo.Sample.Core\Dfo.Sample.Core.csproj", "{11E74589-0AAA-4DAA-8472-1424A6B4C139}"
EndProject
Project("{FAE04EC0-301F-11D3-BF4B-00C04F79EFBC}") = "Dfo.Sample.Core.Data", "Dfo.Sample.Core.Data\Dfo.Sample.Core.Data.csproj", "{99FD0F24-70D0-4BD3-A0D5-C30152343A3F}"
EndProject
Project("{FAE04EC0-301F-11D3-BF4B-00C04F79EFBC}") = "Dfo.Sample.Core.ServiceStack", "Dfo.Sample.Core.ServiceStack\Dfo.Sample.Core.ServiceStack.csproj", "{63282A73-F38E-490C-B747-043378ACD555}"
EndProject
Project("{FAE04EC0-301F-11D3-BF4B-00C04F79EFBC}") = "Dfo.Sample.Core.Logging", "Dfo.Sample.Core.Logging\Dfo.Sample.Core.Logging.csproj", "{113DA63B-9802-4E3C-B9CE-DC8500AFC7FC}"
EndProject
Project("{2150E333-8FDC-42A3-9474-1A3956D46DE8}") = "09 UnitTest", "09 UnitTest", "{8D41D554-E98B-4D25-A6A3-BE4E34A2C532}"
EndProject
Project("{FAE04EC0-301F-11D3-BF4B-00C04F79EFBC}") = "Dfo.Sample.Api", "Dfo.Sample.Api\Dfo.Sample.Api.csproj", "{688C18CF-4E83-413D-9003-F6182373FF9F}"
EndProject
Project("{FAE04EC0-301F-11D3-BF4B-00C04F79EFBC}") = "Dfo.Sample.Api.Tests", "Dfo.Sample.Api.Tests\Dfo.Sample.Api.Tests.csproj", "{79AD4129-596A-437A-BA32-C57AF6D867B6}"
EndProject
Project("{FAE04EC0-301F-11D3-BF4B-00C04F79EFBC}") = "Dfo.Sample.Api.User", "Dfo.Sample.Api.User\Dfo.Sample.Api.User.csproj", "{A3F26B70-E94E-4373-B992-C96470791B29}"
EndProject
Project("{2150E333-8FDC-42A3-9474-1A3956D46DE8}") = "02 Entity", "02 Entity", "{A0F5953F-CF51-4170-8DCB-22656BD52216}"
EndProject
Project("{2150E333-8FDC-42A3-9474-1A3956D46DE8}") = "03 Dto", "03 Dto", "{413F3CF0-004F-4BC1-A343-43C10F380D1E}"
EndProject
Project("{2150E333-8FDC-42A3-9474-1A3956D46DE8}") = "04 Data Access", "04 Data Access", "{A96BDF58-4602-4C58-9024-E6F715EA6004}"
EndProject
Project("{2150E333-8FDC-42A3-9474-1A3956D46DE8}") = "05 Business Logic", "05 Business Logic", "{ED32F89E-D19E-4B14-B53D-7730FC425C20}"
EndProject
Project("{FAE04EC0-301F-11D3-BF4B-00C04F79EFBC}") = "Dfo.Sample.Entity.User", "Dfo.Sample.Entity.User\Dfo.Sample.Entity.User.csproj", "{89C128CE-F2C0-48BA-9C88-B38FC169EBAB}"
EndProject
Project("{FAE04EC0-301F-11D3-BF4B-00C04F79EFBC}") = "Dfo.Sample.Dto.User", "Dfo.Sample.Dto.User\Dfo.Sample.Dto.User.csproj", "{52ADA0C3-ED52-42B1-A208-8A885C69624B}"
EndProject
Project("{FAE04EC0-301F-11D3-BF4B-00C04F79EFBC}") = "Dfo.Sample.Dac.User", "Dfo.Sample.Dac.User\Dfo.Sample.Dac.User.csproj", "{023EF8CE-A278-4904-8339-A2D956D9C0A0}"
EndProject
Project("{FAE04EC0-301F-11D3-BF4B-00C04F79EFBC}") = "Dfo.Sample.Biz.User", "Dfo.Sample.Biz.User\Dfo.Sample.Biz.User.csproj", "{434D434E-E56B-4252-B2E9-2E362BF2159F}"
EndProject
Project("{2150E333-8FDC-42A3-9474-1A3956D46DE8}") = "06 IBusiness Logic", "06 IBusiness Logic", "{5EB64D39-3D0C-44F9-B49F-718D191CF059}"
EndProject
Project("{FAE04EC0-301F-11D3-BF4B-00C04F79EFBC}") = "Dfo.Sample.IBiz.User", "Dfo.Sample.IBiz.User\Dfo.Sample.IBiz.User.csproj", "{CDC40FC5-A655-4301-BF1B-0129F3B88D25}"
EndProject
Project("{FAE04EC0-301F-11D3-BF4B-00C04F79EFBC}") = "Dfo.Sample.Core.Caching", "Dfo.Sample.Core.Caching\Dfo.Sample.Core.Caching.csproj", "{78899C16-45E2-4E41-831C-F92CE4099524}"
EndProject
Project("{FAE04EC0-301F-11D3-BF4B-00C04F79EFBC}") = "Dfo.Sample.Core.Web", "Dfo.Sample.Core.Web\Dfo.Sample.Core.Web.csproj", "{4A1DFB20-E346-45B0-A392-324FD57EF69F}"
EndProject
Project("{FAE04EC0-301F-11D3-BF4B-00C04F79EFBC}") = "Dfo.Sample.Core.Security", "Dfo.Sample.Core.Security\Dfo.Sample.Core.Security.csproj", "{F838EFCE-522B-4372-B479-DE945DB74113}"
EndProject
Global
	GlobalSection(SolutionConfigurationPlatforms) = preSolution
		Debug|Any CPU = Debug|Any CPU
		Release|Any CPU = Release|Any CPU
	EndGlobalSection
	GlobalSection(ProjectConfigurationPlatforms) = postSolution
		{11E74589-0AAA-4DAA-8472-1424A6B4C139}.Debug|Any CPU.ActiveCfg = Debug|Any CPU
		{11E74589-0AAA-4DAA-8472-1424A6B4C139}.Debug|Any CPU.Build.0 = Debug|Any CPU
		{11E74589-0AAA-4DAA-8472-1424A6B4C139}.Release|Any CPU.ActiveCfg = Release|Any CPU
		{11E74589-0AAA-4DAA-8472-1424A6B4C139}.Release|Any CPU.Build.0 = Release|Any CPU
		{99FD0F24-70D0-4BD3-A0D5-C30152343A3F}.Debug|Any CPU.ActiveCfg = Debug|Any CPU
		{99FD0F24-70D0-4BD3-A0D5-C30152343A3F}.Debug|Any CPU.Build.0 = Debug|Any CPU
		{99FD0F24-70D0-4BD3-A0D5-C30152343A3F}.Release|Any CPU.ActiveCfg = Release|Any CPU
		{99FD0F24-70D0-4BD3-A0D5-C30152343A3F}.Release|Any CPU.Build.0 = Release|Any CPU
		{63282A73-F38E-490C-B747-043378ACD555}.Debug|Any CPU.ActiveCfg = Debug|Any CPU
		{63282A73-F38E-490C-B747-043378ACD555}.Debug|Any CPU.Build.0 = Debug|Any CPU
		{63282A73-F38E-490C-B747-043378ACD555}.Release|Any CPU.ActiveCfg = Release|Any CPU
		{63282A73-F38E-490C-B747-043378ACD555}.Release|Any CPU.Build.0 = Release|Any CPU
		{113DA63B-9802-4E3C-B9CE-DC8500AFC7FC}.Debug|Any CPU.ActiveCfg = Debug|Any CPU
		{113DA63B-9802-4E3C-B9CE-DC8500AFC7FC}.Debug|Any CPU.Build.0 = Debug|Any CPU
		{113DA63B-9802-4E3C-B9CE-DC8500AFC7FC}.Release|Any CPU.ActiveCfg = Release|Any CPU
		{113DA63B-9802-4E3C-B9CE-DC8500AFC7FC}.Release|Any CPU.Build.0 = Release|Any CPU
		{688C18CF-4E83-413D-9003-F6182373FF9F}.Debug|Any CPU.ActiveCfg = Debug|Any CPU
		{688C18CF-4E83-413D-9003-F6182373FF9F}.Debug|Any CPU.Build.0 = Debug|Any CPU
		{688C18CF-4E83-413D-9003-F6182373FF9F}.Release|Any CPU.ActiveCfg = Release|Any CPU
		{688C18CF-4E83-413D-9003-F6182373FF9F}.Release|Any CPU.Build.0 = Release|Any CPU
		{79AD4129-596A-437A-BA32-C57AF6D867B6}.Debug|Any CPU.ActiveCfg = Debug|Any CPU
		{79AD4129-596A-437A-BA32-C57AF6D867B6}.Debug|Any CPU.Build.0 = Debug|Any CPU
		{79AD4129-596A-437A-BA32-C57AF6D867B6}.Release|Any CPU.ActiveCfg = Release|Any CPU
		{79AD4129-596A-437A-BA32-C57AF6D867B6}.Release|Any CPU.Build.0 = Release|Any CPU
		{A3F26B70-E94E-4373-B992-C96470791B29}.Debug|Any CPU.ActiveCfg = Debug|Any CPU
		{A3F26B70-E94E-4373-B992-C96470791B29}.Debug|Any CPU.Build.0 = Debug|Any CPU
		{A3F26B70-E94E-4373-B992-C96470791B29}.Release|Any CPU.ActiveCfg = Release|Any CPU
		{A3F26B70-E94E-4373-B992-C96470791B29}.Release|Any CPU.Build.0 = Release|Any CPU
		{89C128CE-F2C0-48BA-9C88-B38FC169EBAB}.Debug|Any CPU.ActiveCfg = Debug|Any CPU
		{89C128CE-F2C0-48BA-9C88-B38FC169EBAB}.Debug|Any CPU.Build.0 = Debug|Any CPU
		{89C128CE-F2C0-48BA-9C88-B38FC169EBAB}.Release|Any CPU.ActiveCfg = Release|Any CPU
		{89C128CE-F2C0-48BA-9C88-B38FC169EBAB}.Release|Any CPU.Build.0 = Release|Any CPU
		{52ADA0C3-ED52-42B1-A208-8A885C69624B}.Debug|Any CPU.ActiveCfg = Debug|Any CPU
		{52ADA0C3-ED52-42B1-A208-8A885C69624B}.Debug|Any CPU.Build.0 = Debug|Any CPU
		{52ADA0C3-ED52-42B1-A208-8A885C69624B}.Release|Any CPU.ActiveCfg = Release|Any CPU
		{52ADA0C3-ED52-42B1-A208-8A885C69624B}.Release|Any CPU.Build.0 = Release|Any CPU
		{023EF8CE-A278-4904-8339-A2D956D9C0A0}.Debug|Any CPU.ActiveCfg = Debug|Any CPU
		{023EF8CE-A278-4904-8339-A2D956D9C0A0}.Debug|Any CPU.Build.0 = Debug|Any CPU
		{023EF8CE-A278-4904-8339-A2D956D9C0A0}.Release|Any CPU.ActiveCfg = Release|Any CPU
		{023EF8CE-A278-4904-8339-A2D956D9C0A0}.Release|Any CPU.Build.0 = Release|Any CPU
		{434D434E-E56B-4252-B2E9-2E362BF2159F}.Debug|Any CPU.ActiveCfg = Debug|Any CPU
		{434D434E-E56B-4252-B2E9-2E362BF2159F}.Debug|Any CPU.Build.0 = Debug|Any CPU
		{434D434E-E56B-4252-B2E9-2E362BF2159F}.Release|Any CPU.ActiveCfg = Release|Any CPU
		{434D434E-E56B-4252-B2E9-2E362BF2159F}.Release|Any CPU.Build.0 = Release|Any CPU
		{CDC40FC5-A655-4301-BF1B-0129F3B88D25}.Debug|Any CPU.ActiveCfg = Debug|Any CPU
		{CDC40FC5-A655-4301-BF1B-0129F3B88D25}.Debug|Any CPU.Build.0 = Debug|Any CPU
		{CDC40FC5-A655-4301-BF1B-0129F3B88D25}.Release|Any CPU.ActiveCfg = Release|Any CPU
		{CDC40FC5-A655-4301-BF1B-0129F3B88D25}.Release|Any CPU.Build.0 = Release|Any CPU
		{78899C16-45E2-4E41-831C-F92CE4099524}.Debug|Any CPU.ActiveCfg = Debug|Any CPU
		{78899C16-45E2-4E41-831C-F92CE4099524}.Debug|Any CPU.Build.0 = Debug|Any CPU
		{78899C16-45E2-4E41-831C-F92CE4099524}.Release|Any CPU.ActiveCfg = Release|Any CPU
		{78899C16-45E2-4E41-831C-F92CE4099524}.Release|Any CPU.Build.0 = Release|Any CPU
		{4A1DFB20-E346-45B0-A392-324FD57EF69F}.Debug|Any CPU.ActiveCfg = Debug|Any CPU
		{4A1DFB20-E346-45B0-A392-324FD57EF69F}.Debug|Any CPU.Build.0 = Debug|Any CPU
		{4A1DFB20-E346-45B0-A392-324FD57EF69F}.Release|Any CPU.ActiveCfg = Release|Any CPU
		{4A1DFB20-E346-45B0-A392-324FD57EF69F}.Release|Any CPU.Build.0 = Release|Any CPU
		{F838EFCE-522B-4372-B479-DE945DB74113}.Debug|Any CPU.ActiveCfg = Debug|Any CPU
		{F838EFCE-522B-4372-B479-DE945DB74113}.Debug|Any CPU.Build.0 = Debug|Any CPU
		{F838EFCE-522B-4372-B479-DE945DB74113}.Release|Any CPU.ActiveCfg = Release|Any CPU
		{F838EFCE-522B-4372-B479-DE945DB74113}.Release|Any CPU.Build.0 = Release|Any CPU
	EndGlobalSection
	GlobalSection(SolutionProperties) = preSolution
		HideSolutionNode = FALSE
	EndGlobalSection
	GlobalSection(NestedProjects) = preSolution
		{11E74589-0AAA-4DAA-8472-1424A6B4C139} = {7B944974-0F91-408E-B70F-4AA3D78E41AF}
		{99FD0F24-70D0-4BD3-A0D5-C30152343A3F} = {7B944974-0F91-408E-B70F-4AA3D78E41AF}
		{63282A73-F38E-490C-B747-043378ACD555} = {7B944974-0F91-408E-B70F-4AA3D78E41AF}
		{113DA63B-9802-4E3C-B9CE-DC8500AFC7FC} = {7B944974-0F91-408E-B70F-4AA3D78E41AF}
		{688C18CF-4E83-413D-9003-F6182373FF9F} = {26136729-E866-4B56-BBB1-FAE8589E42C8}
		{79AD4129-596A-437A-BA32-C57AF6D867B6} = {26136729-E866-4B56-BBB1-FAE8589E42C8}
		{A3F26B70-E94E-4373-B992-C96470791B29} = {26136729-E866-4B56-BBB1-FAE8589E42C8}
		{89C128CE-F2C0-48BA-9C88-B38FC169EBAB} = {A0F5953F-CF51-4170-8DCB-22656BD52216}
		{52ADA0C3-ED52-42B1-A208-8A885C69624B} = {413F3CF0-004F-4BC1-A343-43C10F380D1E}
		{023EF8CE-A278-4904-8339-A2D956D9C0A0} = {A96BDF58-4602-4C58-9024-E6F715EA6004}
		{434D434E-E56B-4252-B2E9-2E362BF2159F} = {ED32F89E-D19E-4B14-B53D-7730FC425C20}
		{CDC40FC5-A655-4301-BF1B-0129F3B88D25} = {5EB64D39-3D0C-44F9-B49F-718D191CF059}
		{78899C16-45E2-4E41-831C-F92CE4099524} = {7B944974-0F91-408E-B70F-4AA3D78E41AF}
		{4A1DFB20-E346-45B0-A392-324FD57EF69F} = {7B944974-0F91-408E-B70F-4AA3D78E41AF}
		{F838EFCE-522B-4372-B479-DE945DB74113} = {7B944974-0F91-408E-B70F-4AA3D78E41AF}
	EndGlobalSection
	GlobalSection(ExtensibilityGlobals) = postSolution
		SolutionGuid = {F6DED24B-7633-4726-BC53-6E873491EE6C}
	EndGlobalSection
EndGlobal
